
Microsoft Visual Studio Solution File, Format Version 12.00
# Visual Studio Version 16
VisualStudioVersion = 16.0.30413.136
MinimumVisualStudioVersion = 10.0.40219.1
Project("{8BC9CEB8-8B4A-11D0-8D11-00A0C91BC942}") = "DAn_SF1keV", "DAn\CDAn_SF1keV.vcxproj", "{C32E0DAD-A1AE-4599-8B87-364BDCDCC2FF}"
EndProject
Project("{8BC9CEB8-8B4A-11D0-8D11-00A0C91BC942}") = "DAq_SF1keV", "DAq\CDAq_SF1keV.vcxproj", "{3A981914-9FB8-4144-B585-CB723DBCDBD0}"
EndProject
Project("{8BC9CEB8-8B4A-11D0-8D11-00A0C91BC942}") = "Lib_CCFileCondition", "Lib_CCFileCondition\Lib_CCFileCondition.vcxproj", "{0EB1601A-2573-4E70-A2BE-0D25B2966875}"
EndProject
Project("{8BC9CEB8-8B4A-11D0-8D11-00A0C91BC942}") = "Lib_ConversionToDCS", "Lib_ConversionToDCS\Lib_ConversionToDCS.vcxproj", "{7CE13FF1-AFF3-453A-91F3-EF1318133C22}"
EndProject
Project("{8BC9CEB8-8B4A-11D0-8D11-00A0C91BC942}") = "Lib_CppAddCCFCrd", "Lib_CppAddCCFCrd\Lib_CppAddCCFCrd.vcxproj", "{6ADE8234-6174-4E96-96EA-D8CCF574C502}"
EndProject
Project("{8BC9CEB8-8B4A-11D0-8D11-00A0C91BC942}") = "Lib_CurrentDAqInfo", "Lib_CurrentDAqInfo\Lib_CurrentDAqInfo.vcxproj", "{DB55C3BD-8F50-45C4-A58C-455AD48421FB}"
EndProject
Project("{8BC9CEB8-8B4A-11D0-8D11-00A0C91BC942}") = "Lib_DCSHistogram", "Lib_DetectorSensitivity\Lib_DetectorSensitivity.vcxproj", "{DF45BBF8-00D6-466C-A971-35BC5BE1CB31}"
EndProject
Project("{8BC9CEB8-8B4A-11D0-8D11-00A0C91BC942}") = "Lib_Inputs", "Lib_Inputs\Lib_Inputs.vcxproj", "{4FC03A5C-AE25-48B9-A3CD-FA878B4CE0A4}"
EndProject
Project("{8BC9CEB8-8B4A-11D0-8D11-00A0C91BC942}") = "Lib_ScaleInformation", "Lib_ScaleInformation\Lib_ScaleInformation.vcxproj", "{76934009-9820-428C-94CA-DF9131ECC681}"
EndProject
Project("{8BC9CEB8-8B4A-11D0-8D11-00A0C91BC942}") = "Lib_StringsForOutputFile", "Lib_StringsForOutputFile\Lib_StringsForOutputFile.vcxproj", "{412BBAEE-E36D-4477-A535-F78D43701A61}"
EndProject
Project("{8BC9CEB8-8B4A-11D0-8D11-00A0C91BC942}") = "Lib_ConversionToKES", "Lib_ConversionToKES\Lib_ConversionToKES.vcxproj", "{5952F28D-7120-4287-989C-CEBC62E68AFB}"
EndProject
Global
	GlobalSection(SolutionConfigurationPlatforms) = preSolution
		Debug(x64)|x64 = Debug(x64)|x64
		Debug(x64)|x86 = Debug(x64)|x86
		Debug|x64 = Debug|x64
		Debug|x86 = Debug|x86
		Release(x64)|x64 = Release(x64)|x64
		Release(x64)|x86 = Release(x64)|x86
		Release|x64 = Release|x64
		Release|x86 = Release|x86
	EndGlobalSection
	GlobalSection(ProjectConfigurationPlatforms) = postSolution
		{C32E0DAD-A1AE-4599-8B87-364BDCDCC2FF}.Debug(x64)|x64.ActiveCfg = Debug(x64)|x64
		{C32E0DAD-A1AE-4599-8B87-364BDCDCC2FF}.Debug(x64)|x64.Build.0 = Debug(x64)|x64
		{C32E0DAD-A1AE-4599-8B87-364BDCDCC2FF}.Debug(x64)|x86.ActiveCfg = Debug(x64)|Win32
		{C32E0DAD-A1AE-4599-8B87-364BDCDCC2FF}.Debug(x64)|x86.Build.0 = Debug(x64)|Win32
		{C32E0DAD-A1AE-4599-8B87-364BDCDCC2FF}.Debug|x64.ActiveCfg = Debug|x64
		{C32E0DAD-A1AE-4599-8B87-364BDCDCC2FF}.Debug|x64.Build.0 = Debug|x64
		{C32E0DAD-A1AE-4599-8B87-364BDCDCC2FF}.Debug|x86.ActiveCfg = Debug|Win32
		{C32E0DAD-A1AE-4599-8B87-364BDCDCC2FF}.Debug|x86.Build.0 = Debug|Win32
		{C32E0DAD-A1AE-4599-8B87-364BDCDCC2FF}.Release(x64)|x64.ActiveCfg = Release(x64)|x64
		{C32E0DAD-A1AE-4599-8B87-364BDCDCC2FF}.Release(x64)|x64.Build.0 = Release(x64)|x64
		{C32E0DAD-A1AE-4599-8B87-364BDCDCC2FF}.Release(x64)|x86.ActiveCfg = Release(x64)|Win32
		{C32E0DAD-A1AE-4599-8B87-364BDCDCC2FF}.Release(x64)|x86.Build.0 = Release(x64)|Win32
		{C32E0DAD-A1AE-4599-8B87-364BDCDCC2FF}.Release|x64.ActiveCfg = Release|x64
		{C32E0DAD-A1AE-4599-8B87-364BDCDCC2FF}.Release|x64.Build.0 = Release|x64
		{C32E0DAD-A1AE-4599-8B87-364BDCDCC2FF}.Release|x86.ActiveCfg = Release|Win32
		{C32E0DAD-A1AE-4599-8B87-364BDCDCC2FF}.Release|x86.Build.0 = Release|Win32
		{3A981914-9FB8-4144-B585-CB723DBCDBD0}.Debug(x64)|x64.ActiveCfg = Debug(x64)|x64
		{3A981914-9FB8-4144-B585-CB723DBCDBD0}.Debug(x64)|x64.Build.0 = Debug(x64)|x64
		{3A981914-9FB8-4144-B585-CB723DBCDBD0}.Debug(x64)|x86.ActiveCfg = Debug(x64)|Win32
		{3A981914-9FB8-4144-B585-CB723DBCDBD0}.Debug(x64)|x86.Build.0 = Debug(x64)|Win32
		{3A981914-9FB8-4144-B585-CB723DBCDBD0}.Debug|x64.ActiveCfg = Debug|x64
		{3A981914-9FB8-4144-B585-CB723DBCDBD0}.Debug|x64.Build.0 = Debug|x64
		{3A981914-9FB8-4144-B585-CB723DBCDBD0}.Debug|x86.ActiveCfg = Debug|Win32
		{3A981914-9FB8-4144-B585-CB723DBCDBD0}.Debug|x86.Build.0 = Debug|Win32
		{3A981914-9FB8-4144-B585-CB723DBCDBD0}.Release(x64)|x64.ActiveCfg = Release(x64)|x64
		{3A981914-9FB8-4144-B585-CB723DBCDBD0}.Release(x64)|x64.Build.0 = Release(x64)|x64
		{3A981914-9FB8-4144-B585-CB723DBCDBD0}.Release(x64)|x86.ActiveCfg = Release(x64)|Win32
		{3A981914-9FB8-4144-B585-CB723DBCDBD0}.Release(x64)|x86.Build.0 = Release(x64)|Win32
		{3A981914-9FB8-4144-B585-CB723DBCDBD0}.Release|x64.ActiveCfg = Release|x64
		{3A981914-9FB8-4144-B585-CB723DBCDBD0}.Release|x64.Build.0 = Release|x64
		{3A981914-9FB8-4144-B585-CB723DBCDBD0}.Release|x86.ActiveCfg = Release|Win32
		{3A981914-9FB8-4144-B585-CB723DBCDBD0}.Release|x86.Build.0 = Release|Win32
		{0EB1601A-2573-4E70-A2BE-0D25B2966875}.Debug(x64)|x64.ActiveCfg = Debug(x64)|x64
		{0EB1601A-2573-4E70-A2BE-0D25B2966875}.Debug(x64)|x64.Build.0 = Debug(x64)|x64
		{0EB1601A-2573-4E70-A2BE-0D25B2966875}.Debug(x64)|x86.ActiveCfg = Debug(x64)|Win32
		{0EB1601A-2573-4E70-A2BE-0D25B2966875}.Debug(x64)|x86.Build.0 = Debug(x64)|Win32
		{0EB1601A-2573-4E70-A2BE-0D25B2966875}.Debug|x64.ActiveCfg = Debug|x64
		{0EB1601A-2573-4E70-A2BE-0D25B2966875}.Debug|x64.Build.0 = Debug|x64
		{0EB1601A-2573-4E70-A2BE-0D25B2966875}.Debug|x86.ActiveCfg = Debug|Win32
		{0EB1601A-2573-4E70-A2BE-0D25B2966875}.Debug|x86.Build.0 = Debug|Win32
		{0EB1601A-2573-4E70-A2BE-0D25B2966875}.Release(x64)|x64.ActiveCfg = Release(x64)|x64
		{0EB1601A-2573-4E70-A2BE-0D25B2966875}.Release(x64)|x64.Build.0 = Release(x64)|x64
		{0EB1601A-2573-4E70-A2BE-0D25B2966875}.Release(x64)|x86.ActiveCfg = Release(x64)|Win32
		{0EB1601A-2573-4E70-A2BE-0D25B2966875}.Release(x64)|x86.Build.0 = Release(x64)|Win32
		{0EB1601A-2573-4E70-A2BE-0D25B2966875}.Release|x64.ActiveCfg = Release|x64
		{0EB1601A-2573-4E70-A2BE-0D25B2966875}.Release|x64.Build.0 = Release|x64
		{0EB1601A-2573-4E70-A2BE-0D25B2966875}.Release|x86.ActiveCfg = Release|Win32
		{0EB1601A-2573-4E70-A2BE-0D25B2966875}.Release|x86.Build.0 = Release|Win32
		{7CE13FF1-AFF3-453A-91F3-EF1318133C22}.Debug(x64)|x64.ActiveCfg = Debug(x64)|x64
		{7CE13FF1-AFF3-453A-91F3-EF1318133C22}.Debug(x64)|x64.Build.0 = Debug(x64)|x64
		{7CE13FF1-AFF3-453A-91F3-EF1318133C22}.Debug(x64)|x86.ActiveCfg = Debug(x64)|Win32
		{7CE13FF1-AFF3-453A-91F3-EF1318133C22}.Debug(x64)|x86.Build.0 = Debug(x64)|Win32
		{7CE13FF1-AFF3-453A-91F3-EF1318133C22}.Debug|x64.ActiveCfg = Debug|x64
		{7CE13FF1-AFF3-453A-91F3-EF1318133C22}.Debug|x64.Build.0 = Debug|x64
		{7CE13FF1-AFF3-453A-91F3-EF1318133C22}.Debug|x86.ActiveCfg = Debug|Win32
		{7CE13FF1-AFF3-453A-91F3-EF1318133C22}.Debug|x86.Build.0 = Debug|Win32
		{7CE13FF1-AFF3-453A-91F3-EF1318133C22}.Release(x64)|x64.ActiveCfg = Release(x64)|x64
		{7CE13FF1-AFF3-453A-91F3-EF1318133C22}.Release(x64)|x64.Build.0 = Release(x64)|x64
		{7CE13FF1-AFF3-453A-91F3-EF1318133C22}.Release(x64)|x86.ActiveCfg = Release(x64)|Win32
		{7CE13FF1-AFF3-453A-91F3-EF1318133C22}.Release(x64)|x86.Build.0 = Release(x64)|Win32
		{7CE13FF1-AFF3-453A-91F3-EF1318133C22}.Release|x64.ActiveCfg = Release|x64
		{7CE13FF1-AFF3-453A-91F3-EF1318133C22}.Release|x64.Build.0 = Release|x64
		{7CE13FF1-AFF3-453A-91F3-EF1318133C22}.Release|x86.ActiveCfg = Release|Win32
		{7CE13FF1-AFF3-453A-91F3-EF1318133C22}.Release|x86.Build.0 = Release|Win32
		{6ADE8234-6174-4E96-96EA-D8CCF574C502}.Debug(x64)|x64.ActiveCfg = Debug(x64)|x64
		{6ADE8234-6174-4E96-96EA-D8CCF574C502}.Debug(x64)|x64.Build.0 = Debug(x64)|x64
		{6ADE8234-6174-4E96-96EA-D8CCF574C502}.Debug(x64)|x86.ActiveCfg = Debug(x64)|Win32
		{6ADE8234-6174-4E96-96EA-D8CCF574C502}.Debug(x64)|x86.Build.0 = Debug(x64)|Win32
		{6ADE8234-6174-4E96-96EA-D8CCF574C502}.Debug|x64.ActiveCfg = Debug|x64
		{6ADE8234-6174-4E96-96EA-D8CCF574C502}.Debug|x64.Build.0 = Debug|x64
		{6ADE8234-6174-4E96-96EA-D8CCF574C502}.Debug|x86.ActiveCfg = Debug|Win32
		{6ADE8234-6174-4E96-96EA-D8CCF574C502}.Debug|x86.Build.0 = Debug|Win32
		{6ADE8234-6174-4E96-96EA-D8CCF574C502}.Release(x64)|x64.ActiveCfg = Release(x64)|x64
		{6ADE8234-6174-4E96-96EA-D8CCF574C502}.Release(x64)|x64.Build.0 = Release(x64)|x64
		{6ADE8234-6174-4E96-96EA-D8CCF574C502}.Release(x64)|x86.ActiveCfg = Release(x64)|Win32
		{6ADE8234-6174-4E96-96EA-D8CCF574C502}.Release(x64)|x86.Build.0 = Release(x64)|Win32
		{6ADE8234-6174-4E96-96EA-D8CCF574C502}.Release|x64.ActiveCfg = Release|x64
		{6ADE8234-6174-4E96-96EA-D8CCF574C502}.Release|x64.Build.0 = Release|x64
		{6ADE8234-6174-4E96-96EA-D8CCF574C502}.Release|x86.ActiveCfg = Release|Win32
		{6ADE8234-6174-4E96-96EA-D8CCF574C502}.Release|x86.Build.0 = Release|Win32
		{DB55C3BD-8F50-45C4-A58C-455AD48421FB}.Debug(x64)|x64.ActiveCfg = Debug(x64)|x64
		{DB55C3BD-8F50-45C4-A58C-455AD48421FB}.Debug(x64)|x64.Build.0 = Debug(x64)|x64
		{DB55C3BD-8F50-45C4-A58C-455AD48421FB}.Debug(x64)|x86.ActiveCfg = Debug(x64)|Win32
		{DB55C3BD-8F50-45C4-A58C-455AD48421FB}.Debug(x64)|x86.Build.0 = Debug(x64)|Win32
		{DB55C3BD-8F50-45C4-A58C-455AD48421FB}.Debug|x64.ActiveCfg = Debug|x64
		{DB55C3BD-8F50-45C4-A58C-455AD48421FB}.Debug|x64.Build.0 = Debug|x64
		{DB55C3BD-8F50-45C4-A58C-455AD48421FB}.Debug|x86.ActiveCfg = Debug|Win32
		{DB55C3BD-8F50-45C4-A58C-455AD48421FB}.Debug|x86.Build.0 = Debug|Win32
		{DB55C3BD-8F50-45C4-A58C-455AD48421FB}.Release(x64)|x64.ActiveCfg = Release(x64)|x64
		{DB55C3BD-8F50-45C4-A58C-455AD48421FB}.Release(x64)|x64.Build.0 = Release(x64)|x64
		{DB55C3BD-8F50-45C4-A58C-455AD48421FB}.Release(x64)|x86.ActiveCfg = Release(x64)|Win32
		{DB55C3BD-8F50-45C4-A58C-455AD48421FB}.Release(x64)|x86.Build.0 = Release(x64)|Win32
		{DB55C3BD-8F50-45C4-A58C-455AD48421FB}.Release|x64.ActiveCfg = Release|x64
		{DB55C3BD-8F50-45C4-A58C-455AD48421FB}.Release|x64.Build.0 = Release|x64
		{DB55C3BD-8F50-45C4-A58C-455AD48421FB}.Release|x86.ActiveCfg = Release|Win32
		{DB55C3BD-8F50-45C4-A58C-455AD48421FB}.Release|x86.Build.0 = Release|Win32
		{DF45BBF8-00D6-466C-A971-35BC5BE1CB31}.Debug(x64)|x64.ActiveCfg = Debug(x64)|x64
		{DF45BBF8-00D6-466C-A971-35BC5BE1CB31}.Debug(x64)|x64.Build.0 = Debug(x64)|x64
		{DF45BBF8-00D6-466C-A971-35BC5BE1CB31}.Debug(x64)|x86.ActiveCfg = Debug(x64)|Win32
		{DF45BBF8-00D6-466C-A971-35BC5BE1CB31}.Debug(x64)|x86.Build.0 = Debug(x64)|Win32
		{DF45BBF8-00D6-466C-A971-35BC5BE1CB31}.Debug|x64.ActiveCfg = Debug|x64
		{DF45BBF8-00D6-466C-A971-35BC5BE1CB31}.Debug|x64.Build.0 = Debug|x64
		{DF45BBF8-00D6-466C-A971-35BC5BE1CB31}.Debug|x86.ActiveCfg = Debug|Win32
		{DF45BBF8-00D6-466C-A971-35BC5BE1CB31}.Debug|x86.Build.0 = Debug|Win32
		{DF45BBF8-00D6-466C-A971-35BC5BE1CB31}.Release(x64)|x64.ActiveCfg = Release(x64)|x64
		{DF45BBF8-00D6-466C-A971-35BC5BE1CB31}.Release(x64)|x64.Build.0 = Release(x64)|x64
		{DF45BBF8-00D6-466C-A971-35BC5BE1CB31}.Release(x64)|x86.ActiveCfg = Release(x64)|Win32
		{DF45BBF8-00D6-466C-A971-35BC5BE1CB31}.Release(x64)|x86.Build.0 = Release(x64)|Win32
		{DF45BBF8-00D6-466C-A971-35BC5BE1CB31}.Release|x64.ActiveCfg = Release|x64
		{DF45BBF8-00D6-466C-A971-35BC5BE1CB31}.Release|x64.Build.0 = Release|x64
		{DF45BBF8-00D6-466C-A971-35BC5BE1CB31}.Release|x86.ActiveCfg = Release|Win32
		{DF45BBF8-00D6-466C-A971-35BC5BE1CB31}.Release|x86.Build.0 = Release|Win32
		{4FC03A5C-AE25-48B9-A3CD-FA878B4CE0A4}.Debug(x64)|x64.ActiveCfg = Debug(x64)|x64
		{4FC03A5C-AE25-48B9-A3CD-FA878B4CE0A4}.Debug(x64)|x64.Build.0 = Debug(x64)|x64
		{4FC03A5C-AE25-48B9-A3CD-FA878B4CE0A4}.Debug(x64)|x86.ActiveCfg = Debug(x64)|Win32
		{4FC03A5C-AE25-48B9-A3CD-FA878B4CE0A4}.Debug(x64)|x86.Build.0 = Debug(x64)|Win32
		{4FC03A5C-AE25-48B9-A3CD-FA878B4CE0A4}.Debug|x64.ActiveCfg = Debug|x64
		{4FC03A5C-AE25-48B9-A3CD-FA878B4CE0A4}.Debug|x64.Build.0 = Debug|x64
		{4FC03A5C-AE25-48B9-A3CD-FA878B4CE0A4}.Debug|x86.ActiveCfg = Debug|Win32
		{4FC03A5C-AE25-48B9-A3CD-FA878B4CE0A4}.Debug|x86.Build.0 = Debug|Win32
		{4FC03A5C-AE25-48B9-A3CD-FA878B4CE0A4}.Release(x64)|x64.ActiveCfg = Release(x64)|x64
		{4FC03A5C-AE25-48B9-A3CD-FA878B4CE0A4}.Release(x64)|x64.Build.0 = Release(x64)|x64
		{4FC03A5C-AE25-48B9-A3CD-FA878B4CE0A4}.Release(x64)|x86.ActiveCfg = Release(x64)|Win32
		{4FC03A5C-AE25-48B9-A3CD-FA878B4CE0A4}.Release(x64)|x86.Build.0 = Release(x64)|Win32
		{4FC03A5C-AE25-48B9-A3CD-FA878B4CE0A4}.Release|x64.ActiveCfg = Release|x64
		{4FC03A5C-AE25-48B9-A3CD-FA878B4CE0A4}.Release|x64.Build.0 = Release|x64
		{4FC03A5C-AE25-48B9-A3CD-FA878B4CE0A4}.Release|x86.ActiveCfg = Release|Win32
		{4FC03A5C-AE25-48B9-A3CD-FA878B4CE0A4}.Release|x86.Build.0 = Release|Win32
		{76934009-9820-428C-94CA-DF9131ECC681}.Debug(x64)|x64.ActiveCfg = Debug(x64)|x64
		{76934009-9820-428C-94CA-DF9131ECC681}.Debug(x64)|x64.Build.0 = Debug(x64)|x64
		{76934009-9820-428C-94CA-DF9131ECC681}.Debug(x64)|x86.ActiveCfg = Debug(x64)|Win32
		{76934009-9820-428C-94CA-DF9131ECC681}.Debug(x64)|x86.Build.0 = Debug(x64)|Win32
		{76934009-9820-428C-94CA-DF9131ECC681}.Debug|x64.ActiveCfg = Debug|x64
		{76934009-9820-428C-94CA-DF9131ECC681}.Debug|x64.Build.0 = Debug|x64
		{76934009-9820-428C-94CA-DF9131ECC681}.Debug|x86.ActiveCfg = Debug|Win32
		{76934009-9820-428C-94CA-DF9131ECC681}.Debug|x86.Build.0 = Debug|Win32
		{76934009-9820-428C-94CA-DF9131ECC681}.Release(x64)|x64.ActiveCfg = Release(x64)|x64
		{76934009-9820-428C-94CA-DF9131ECC681}.Release(x64)|x64.Build.0 = Release(x64)|x64
		{76934009-9820-428C-94CA-DF9131ECC681}.Release(x64)|x86.ActiveCfg = Release(x64)|Win32
		{76934009-9820-428C-94CA-DF9131ECC681}.Release(x64)|x86.Build.0 = Release(x64)|Win32
		{76934009-9820-428C-94CA-DF9131ECC681}.Release|x64.ActiveCfg = Release|x64
		{76934009-9820-428C-94CA-DF9131ECC681}.Release|x64.Build.0 = Release|x64
		{76934009-9820-428C-94CA-DF9131ECC681}.Release|x86.ActiveCfg = Release|Win32
		{76934009-9820-428C-94CA-DF9131ECC681}.Release|x86.Build.0 = Release|Win32
		{412BBAEE-E36D-4477-A535-F78D43701A61}.Debug(x64)|x64.ActiveCfg = Debug(x64)|x64
		{412BBAEE-E36D-4477-A535-F78D43701A61}.Debug(x64)|x64.Build.0 = Debug(x64)|x64
		{412BBAEE-E36D-4477-A535-F78D43701A61}.Debug(x64)|x86.ActiveCfg = Debug(x64)|Win32
		{412BBAEE-E36D-4477-A535-F78D43701A61}.Debug(x64)|x86.Build.0 = Debug(x64)|Win32
		{412BBAEE-E36D-4477-A535-F78D43701A61}.Debug|x64.ActiveCfg = Debug|x64
		{412BBAEE-E36D-4477-A535-F78D43701A61}.Debug|x64.Build.0 = Debug|x64
		{412BBAEE-E36D-4477-A535-F78D43701A61}.Debug|x86.ActiveCfg = Debug|Win32
		{412BBAEE-E36D-4477-A535-F78D43701A61}.Debug|x86.Build.0 = Debug|Win32
		{412BBAEE-E36D-4477-A535-F78D43701A61}.Release(x64)|x64.ActiveCfg = Release(x64)|x64
		{412BBAEE-E36D-4477-A535-F78D43701A61}.Release(x64)|x64.Build.0 = Release(x64)|x64
		{412BBAEE-E36D-4477-A535-F78D43701A61}.Release(x64)|x86.ActiveCfg = Release(x64)|Win32
		{412BBAEE-E36D-4477-A535-F78D43701A61}.Release(x64)|x86.Build.0 = Release(x64)|Win32
		{412BBAEE-E36D-4477-A535-F78D43701A61}.Release|x64.ActiveCfg = Release|x64
		{412BBAEE-E36D-4477-A535-F78D43701A61}.Release|x64.Build.0 = Release|x64
		{412BBAEE-E36D-4477-A535-F78D43701A61}.Release|x86.ActiveCfg = Release|Win32
		{412BBAEE-E36D-4477-A535-F78D43701A61}.Release|x86.Build.0 = Release|Win32
		{5952F28D-7120-4287-989C-CEBC62E68AFB}.Debug(x64)|x64.ActiveCfg = Debug(x64)|x64
		{5952F28D-7120-4287-989C-CEBC62E68AFB}.Debug(x64)|x64.Build.0 = Debug(x64)|x64
		{5952F28D-7120-4287-989C-CEBC62E68AFB}.Debug(x64)|x86.ActiveCfg = Debug(x64)|Win32
		{5952F28D-7120-4287-989C-CEBC62E68AFB}.Debug(x64)|x86.Build.0 = Debug(x64)|Win32
		{5952F28D-7120-4287-989C-CEBC62E68AFB}.Debug|x64.ActiveCfg = Debug|x64
		{5952F28D-7120-4287-989C-CEBC62E68AFB}.Debug|x64.Build.0 = Debug|x64
		{5952F28D-7120-4287-989C-CEBC62E68AFB}.Debug|x86.ActiveCfg = Debug|Win32
		{5952F28D-7120-4287-989C-CEBC62E68AFB}.Debug|x86.Build.0 = Debug|Win32
		{5952F28D-7120-4287-989C-CEBC62E68AFB}.Release(x64)|x64.ActiveCfg = Release(x64)|x64
		{5952F28D-7120-4287-989C-CEBC62E68AFB}.Release(x64)|x64.Build.0 = Release(x64)|x64
		{5952F28D-7120-4287-989C-CEBC62E68AFB}.Release(x64)|x86.ActiveCfg = Release(x64)|Win32
		{5952F28D-7120-4287-989C-CEBC62E68AFB}.Release(x64)|x86.Build.0 = Release(x64)|Win32
		{5952F28D-7120-4287-989C-CEBC62E68AFB}.Release|x64.ActiveCfg = Release|x64
		{5952F28D-7120-4287-989C-CEBC62E68AFB}.Release|x64.Build.0 = Release|x64
		{5952F28D-7120-4287-989C-CEBC62E68AFB}.Release|x86.ActiveCfg = Release|Win32
		{5952F28D-7120-4287-989C-CEBC62E68AFB}.Release|x86.Build.0 = Release|Win32
	EndGlobalSection
	GlobalSection(SolutionProperties) = preSolution
		HideSolutionNode = FALSE
	EndGlobalSection
	GlobalSection(ExtensibilityGlobals) = postSolution
		SolutionGuid = {C350A91E-09F9-46A1-BDED-C5DCFF21949F}
	EndGlobalSection
EndGlobal
