<?xml version="1.0" encoding="utf-8"?>
<Project ToolsVersion="4.0" xmlns="http://schemas.microsoft.com/developer/msbuild/2003">
  <ItemGroup>
    <ClInclude Include="..\include\Lib_CppAddCCFCrd.h">
      <Filter>ヘッダーファイル</Filter>
    </ClInclude>
    <ClInclude Include="framework.h">
      <Filter>ヘッダーファイル</Filter>
    </ClInclude>
    <ClInclude Include="pch.h">
      <Filter>ヘッダーファイル</Filter>
    </ClInclude>
  </ItemGroup>
  <ItemGroup>
    <Filter Include="ヘッダーファイル">
      <UniqueIdentifier>{ce42a3fc-b1e1-462e-b9fe-1307ae926496}</UniqueIdentifier>
    </Filter>
    <Filter Include="ソースファイル">
      <UniqueIdentifier>{2ed3aaf0-c6e8-4c72-85aa-c253efbc4201}</UniqueIdentifier>
    </Filter>
  </ItemGroup>
  <ItemGroup>
    <ClCompile Include="pch.cpp">
      <Filter>ソースファイル</Filter>
    </ClCompile>
    <ClCompile Include="Lib_CppAddCCFCrdA.cpp">
      <Filter>ソースファイル</Filter>
    </ClCompile>
    <ClCompile Include="Lib_CppAddCCFCrdW.cpp">
      <Filter>ソースファイル</Filter>
    </ClCompile>
  </ItemGroup>
</Project>